
Microsoft Visual Studio Solution File, Format Version 12.00
# Visual Studio Version 16
VisualStudioVersion = 16.0.29709.97
MinimumVisualStudioVersion = 10.0.40219.1
Project("{FAE04EC0-301F-11D3-BF4B-00C04F79EFBC}") = "TaskManagement", "TaskManagement\TaskManagement.csproj", "{EF915158-8C58-49A6-9458-7A06EE5F5D70}"
EndProject
Project("{FAE04EC0-301F-11D3-BF4B-00C04F79EFBC}") = "TaskManagement.Data", "TaskManagement.Data\TaskManagement.Data.csproj", "{AC434764-25CB-4454-8CD4-E8BBC0E548A6}"
EndProject
Project("{FAE04EC0-301F-11D3-BF4B-00C04F79EFBC}") = "TaskManagement.Model", "TaskManagement.Model\TaskManagement.Model.csproj", "{B0E8C4FF-D352-406D-A184-0074650B7EF8}"
EndProject
Global
	GlobalSection(SolutionConfigurationPlatforms) = preSolution
		Debug|Any CPU = Debug|Any CPU
		Release|Any CPU = Release|Any CPU
	EndGlobalSection
	GlobalSection(ProjectConfigurationPlatforms) = postSolution
		{EF915158-8C58-49A6-9458-7A06EE5F5D70}.Debug|Any CPU.ActiveCfg = Debug|Any CPU
		{EF915158-8C58-49A6-9458-7A06EE5F5D70}.Debug|Any CPU.Build.0 = Debug|Any CPU
		{EF915158-8C58-49A6-9458-7A06EE5F5D70}.Release|Any CPU.ActiveCfg = Release|Any CPU
		{EF915158-8C58-49A6-9458-7A06EE5F5D70}.Release|Any CPU.Build.0 = Release|Any CPU
		{AC434764-25CB-4454-8CD4-E8BBC0E548A6}.Debug|Any CPU.ActiveCfg = Debug|Any CPU
		{AC434764-25CB-4454-8CD4-E8BBC0E548A6}.Debug|Any CPU.Build.0 = Debug|Any CPU
		{AC434764-25CB-4454-8CD4-E8BBC0E548A6}.Release|Any CPU.ActiveCfg = Release|Any CPU
		{AC434764-25CB-4454-8CD4-E8BBC0E548A6}.Release|Any CPU.Build.0 = Release|Any CPU
		{B0E8C4FF-D352-406D-A184-0074650B7EF8}.Debug|Any CPU.ActiveCfg = Debug|Any CPU
		{B0E8C4FF-D352-406D-A184-0074650B7EF8}.Debug|Any CPU.Build.0 = Debug|Any CPU
		{B0E8C4FF-D352-406D-A184-0074650B7EF8}.Release|Any CPU.ActiveCfg = Release|Any CPU
		{B0E8C4FF-D352-406D-A184-0074650B7EF8}.Release|Any CPU.Build.0 = Release|Any CPU
	EndGlobalSection
	GlobalSection(SolutionProperties) = preSolution
		HideSolutionNode = FALSE
	EndGlobalSection
	GlobalSection(ExtensibilityGlobals) = postSolution
		SolutionGuid = {68D475DE-0F61-4ADB-8F35-D3A2C92AAF62}
	EndGlobalSection
EndGlobal
